
Microsoft Visual Studio Solution File, Format Version 12.00
# Visual Studio Version 17
VisualStudioVersion = 17.12.35707.178
MinimumVisualStudioVersion = 10.0.40219.1
Project("{FAE04EC0-301F-11D3-BF4B-00C04F79EFBC}") = "XRAY REPORT IMAGE", "XRAY REPORT IMAGE.csproj", "{5DB99CCB-C498-4C64-8C68-EB09952BD749}"
EndProject
Global
	GlobalSection(SolutionConfigurationPlatforms) = preSolution
		Debug|Any CPU = Debug|Any CPU
		Debug|x64 = Debug|x64
		Release|Any CPU = Release|Any CPU
		Release|x64 = Release|x64
	EndGlobalSection
	GlobalSection(ProjectConfigurationPlatforms) = postSolution
		{5DB99CCB-C498-4C64-8C68-EB09952BD749}.Debug|Any CPU.ActiveCfg = Debug|Any CPU
		{5DB99CCB-C498-4C64-8C68-EB09952BD749}.Debug|Any CPU.Build.0 = Debug|Any CPU
		{5DB99CCB-C498-4C64-8C68-EB09952BD749}.Debug|x64.ActiveCfg = Debug|x64
		{5DB99CCB-C498-4C64-8C68-EB09952BD749}.Debug|x64.Build.0 = Debug|x64
		{5DB99CCB-C498-4C64-8C68-EB09952BD749}.Release|Any CPU.ActiveCfg = Release|Any CPU
		{5DB99CCB-C498-4C64-8C68-EB09952BD749}.Release|Any CPU.Build.0 = Release|Any CPU
		{5DB99CCB-C498-4C64-8C68-EB09952BD749}.Release|x64.ActiveCfg = Release|x64
		{5DB99CCB-C498-4C64-8C68-EB09952BD749}.Release|x64.Build.0 = Release|x64
	EndGlobalSection
	GlobalSection(SolutionProperties) = preSolution
		HideSolutionNode = FALSE
	EndGlobalSection
EndGlobal
